
Microsoft Visual Studio Solution File, Format Version 12.00
# Visual Studio 15
VisualStudioVersion = 15.0.26730.12
MinimumVisualStudioVersion = 10.0.40219.1
Project("{9A19103F-16F7-4668-BE54-9A1E7A4F7556}") = "Acme.Web.Security.Headers", "Acme.Web.Security.Headers\Acme.Web.Security.Headers.csproj", "{290395CA-C64C-4956-A244-52FD00A90EA3}"
EndProject
Global
	GlobalSection(SolutionConfigurationPlatforms) = preSolution
		Debug|Any CPU = Debug|Any CPU
		Release|Any CPU = Release|Any CPU
	EndGlobalSection
	GlobalSection(ProjectConfigurationPlatforms) = postSolution
		{290395CA-C64C-4956-A244-52FD00A90EA3}.Debug|Any CPU.ActiveCfg = Debug|Any CPU
		{290395CA-C64C-4956-A244-52FD00A90EA3}.Debug|Any CPU.Build.0 = Debug|Any CPU
		{290395CA-C64C-4956-A244-52FD00A90EA3}.Release|Any CPU.ActiveCfg = Release|Any CPU
		{290395CA-C64C-4956-A244-52FD00A90EA3}.Release|Any CPU.Build.0 = Release|Any CPU
	EndGlobalSection
	GlobalSection(SolutionProperties) = preSolution
		HideSolutionNode = FALSE
	EndGlobalSection
	GlobalSection(ExtensibilityGlobals) = postSolution
		SolutionGuid = {53910AB6-EC3B-43DD-BEAE-D4F752448DF7}
	EndGlobalSection
EndGlobal
